
Microsoft Visual Studio Solution File, Format Version 12.00
# Visual Studio Version 16
VisualStudioVersion = 16.0.30804.86
MinimumVisualStudioVersion = 10.0.40219.1
Project("{FAE04EC0-301F-11D3-BF4B-00C04F79EFBC}") = "ConsoleApp22222111111111111111", "ConsoleApp22222111111111111111\ConsoleApp22222111111111111111.csproj", "{44C026AE-504F-47FC-957D-5BDEC2497F5C}"
EndProject
Global
	GlobalSection(SolutionConfigurationPlatforms) = preSolution
		Debug|Any CPU = Debug|Any CPU
		Release|Any CPU = Release|Any CPU
	EndGlobalSection
	GlobalSection(ProjectConfigurationPlatforms) = postSolution
		{44C026AE-504F-47FC-957D-5BDEC2497F5C}.Debug|Any CPU.ActiveCfg = Debug|Any CPU
		{44C026AE-504F-47FC-957D-5BDEC2497F5C}.Debug|Any CPU.Build.0 = Debug|Any CPU
		{44C026AE-504F-47FC-957D-5BDEC2497F5C}.Release|Any CPU.ActiveCfg = Release|Any CPU
		{44C026AE-504F-47FC-957D-5BDEC2497F5C}.Release|Any CPU.Build.0 = Release|Any CPU
	EndGlobalSection
	GlobalSection(SolutionProperties) = preSolution
		HideSolutionNode = FALSE
	EndGlobalSection
	GlobalSection(ExtensibilityGlobals) = postSolution
		SolutionGuid = {DE2D2935-3F7C-4E6A-A97F-D839160613BF}
	EndGlobalSection
EndGlobal
